// !$*UTF8*$!
{
	archiveVersion = 1;
	classes = {
	};
	objectVersion = 50;
	objects = {

/* Begin PBXBuildFile section */
		BCF8F81F216E92840095DF62 /* AppDelegate.swift in Sources */ = {isa = PBXBuildFile; fileRef = BCF8F81E216E92840095DF62 /* AppDelegate.swift */; };
		BCF8F821216E92840095DF62 /* ViewController.swift in Sources */ = {isa = PBXBuildFile; fileRef = BCF8F820216E92840095DF62 /* ViewController.swift */; };
		BCF8F824216E92840095DF62 /* Main.storyboard in Resources */ = {isa = PBXBuildFile; fileRef = BCF8F822216E92840095DF62 /* Main.storyboard */; };
		BCF8F826216E92870095DF62 /* Assets.xcassets in Resources */ = {isa = PBXBuildFile; fileRef = BCF8F825216E92870095DF62 /* Assets.xcassets */; };
		BCF8F829216E92870095DF62 /* LaunchScreen.storyboard in Resources */ = {isa = PBXBuildFile; fileRef = BCF8F827216E92870095DF62 /* LaunchScreen.storyboard */; };
		E5DE90EC776C66995129917E /* Pods_GettingStartedRxSwift.framework in Frameworks */ = {isa = PBXBuildFile; fileRef = EA8673C5ED851C1C56F8EDA0 /* Pods_GettingStartedRxSwift.framework */; };
/* End PBXBuildFile section */

/* Begin PBXFileReference section */
		77B2D735B3262D09FE120D39 /* Pods-GettingStartedRxSwift.debug.xcconfig */ = {isa = PBXFileReference; includeInIndex = 1; lastKnownFileType = text.xcconfig; name = "Pods-GettingStartedRxSwift.debug.xcconfig"; path = "Pods/Target Support Files/Pods-GettingStartedRxSwift/Pods-GettingStartedRxSwift.debug.xcconfig"; sourceTree = "<group>"; };
		A62148E62F60193BF22987C0 /* Pods-GettingStartedRxSwift.release.xcconfig */ = {isa = PBXFileReference; includeInIndex = 1; lastKnownFileType = text.xcconfig; name = "Pods-GettingStartedRxSwift.release.xcconfig"; path = "Pods/Target Support Files/Pods-GettingStartedRxSwift/Pods-GettingStartedRxSwift.release.xcconfig"; sourceTree = "<group>"; };
		BC4D3C04216EB20C0034C558 /* GettingStartedRxSwift.playground */ = {isa = PBXFileReference; lastKnownFileType = file.playground; path = GettingStartedRxSwift.playground; sourceTree = "<group>"; xcLanguageSpecificationIdentifier = xcode.lang.swift; };
		BCF8F81B216E92840095DF62 /* GettingStartedRxSwift.app */ = {isa = PBXFileReference; explicitFileType = wrapper.application; includeInIndex = 0; path = GettingStartedRxSwift.app; sourceTree = BUILT_PRODUCTS_DIR; };
		BCF8F81E216E92840095DF62 /* AppDelegate.swift */ = {isa = PBXFileReference; lastKnownFileType = sourcecode.swift; path = AppDelegate.swift; sourceTree = "<group>"; };
		BCF8F820216E92840095DF62 /* ViewController.swift */ = {isa = PBXFileReference; lastKnownFileType = sourcecode.swift; path = ViewController.swift; sourceTree = "<group>"; };
		BCF8F823216E92840095DF62 /* Base */ = {isa = PBXFileReference; lastKnownFileType = file.storyboard; name = Base; path = Base.lproj/Main.storyboard; sourceTree = "<group>"; };
		BCF8F825216E92870095DF62 /* Assets.xcassets */ = {isa = PBXFileReference; lastKnownFileType = folder.assetcatalog; path = Assets.xcassets; sourceTree = "<group>"; };
		BCF8F828216E92870095DF62 /* Base */ = {isa = PBXFileReference; lastKnownFileType = file.storyboard; name = Base; path = Base.lproj/LaunchScreen.storyboard; sourceTree = "<group>"; };
		BCF8F82A216E92870095DF62 /* Info.plist */ = {isa = PBXFileReference; lastKnownFileType = text.plist.xml; path = Info.plist; sourceTree = "<group>"; };
		EA8673C5ED851C1C56F8EDA0 /* Pods_GettingStartedRxSwift.framework */ = {isa = PBXFileReference; explicitFileType = wrapper.framework; includeInIndex = 0; path = Pods_GettingStartedRxSwift.framework; sourceTree = BUILT_PRODUCTS_DIR; };
/* End PBXFileReference section */

/* Begin PBXFrameworksBuildPhase section */
		BCF8F818216E92840095DF62 /* Frameworks */ = {
			isa = PBXFrameworksBuildPhase;
			buildActionMask = 2147483647;
			files = (
				E5DE90EC776C66995129917E /* Pods_GettingStartedRxSwift.framework in Frameworks */,
			);
			runOnlyForDeploymentPostprocessing = 0;
		};
/* End PBXFrameworksBuildPhase section */

/* Begin PBXGroup section */
		1F269F9813807A38090E96DE /* Pods */ = {
			isa = PBXGroup;
			children = (
				77B2D735B3262D09FE120D39 /* Pods-GettingStartedRxSwift.debug.xcconfig */,
				A62148E62F60193BF22987C0 /* Pods-GettingStartedRxSwift.release.xcconfig */,
			);
			name = Pods;
			sourceTree = "<group>";
		};
		8A2178B9769F34B1E8F6950D /* Frameworks */ = {
			isa = PBXGroup;
			children = (
				EA8673C5ED851C1C56F8EDA0 /* Pods_GettingStartedRxSwift.framework */,
			);
			name = Frameworks;
			sourceTree = "<group>";
		};
		BCF8F812216E92840095DF62 = {
			isa = PBXGroup;
			children = (
				BCF8F81D216E92840095DF62 /* GettingStartedRxSwift */,
				BCF8F81C216E92840095DF62 /* Products */,
				1F269F9813807A38090E96DE /* Pods */,
				8A2178B9769F34B1E8F6950D /* Frameworks */,
			);
			sourceTree = "<group>";
		};
		BCF8F81C216E92840095DF62 /* Products */ = {
			isa = PBXGroup;
			children = (
				BCF8F81B216E92840095DF62 /* GettingStartedRxSwift.app */,
			);
			name = Products;
			sourceTree = "<group>";
		};
		BCF8F81D216E92840095DF62 /* GettingStartedRxSwift */ = {
			isa = PBXGroup;
			children = (
				BCF8F81E216E92840095DF62 /* AppDelegate.swift */,
				BCF8F820216E92840095DF62 /* ViewController.swift */,
				BCF8F822216E92840095DF62 /* Main.storyboard */,
				BCF8F825216E92870095DF62 /* Assets.xcassets */,
				BCF8F827216E92870095DF62 /* LaunchScreen.storyboard */,
				BCF8F82A216E92870095DF62 /* Info.plist */,
				BC4D3C04216EB20C0034C558 /* GettingStartedRxSwift.playground */,
			);
			path = GettingStartedRxSwift;
			sourceTree = "<group>";
		};
/* End PBXGroup section */

/* Begin PBXNativeTarget section */
		BCF8F81A216E92840095DF62 /* GettingStartedRxSwift */ = {
			isa = PBXNativeTarget;
			buildConfigurationList = BCF8F82D216E92870095DF62 /* Build configuration list for PBXNativeTarget "GettingStartedRxSwift" */;
			buildPhases = (
				88AAE4FB1130ADB92D6058D4 /* [CP] Check Pods Manifest.lock */,
				BCF8F817216E92840095DF62 /* Sources */,
				BCF8F818216E92840095DF62 /* Frameworks */,
				BCF8F819216E92840095DF62 /* Resources */,
				F16881CF7E2F6E96C7674004 /* [CP] Embed Pods Frameworks */,
			);
			buildRules = (
			);
			dependencies = (
			);
			name = GettingStartedRxSwift;
			productName = GettingStartedRxSwift;
			productReference = BCF8F81B216E92840095DF62 /* GettingStartedRxSwift.app */;
			productType = "com.apple.product-type.application";
		};
/* End PBXNativeTarget section */

/* Begin PBXProject section */
		BCF8F813216E92840095DF62 /* Project object */ = {
			isa = PBXProject;
			attributes = {
				LastSwiftUpdateCheck = 1000;
				LastUpgradeCheck = 1000;
				ORGANIZATIONNAME = KarimEbrahem;
				TargetAttributes = {
					BCF8F81A216E92840095DF62 = {
						CreatedOnToolsVersion = 10.0;
					};
				};
			};
			buildConfigurationList = BCF8F816216E92840095DF62 /* Build configuration list for PBXProject "GettingStartedRxSwift" */;
			compatibilityVersion = "Xcode 9.3";
			developmentRegion = en;
			hasScannedForEncodings = 0;
			knownRegions = (
				en,
				Base,
			);
			mainGroup = BCF8F812216E92840095DF62;
			productRefGroup = BCF8F81C216E92840095DF62 /* Products */;
			projectDirPath = "";
			projectRoot = "";
			targets = (
				BCF8F81A216E92840095DF62 /* GettingStartedRxSwift */,
			);
		};
/* End PBXProject section */

/* Begin PBXResourcesBuildPhase section */
		BCF8F819216E92840095DF62 /* Resources */ = {
			isa = PBXResourcesBuildPhase;
			buildActionMask = 2147483647;
			files = (
				BCF8F829216E92870095DF62 /* LaunchScreen.storyboard in Resources */,
				BCF8F826216E92870095DF62 /* Assets.xcassets in Resources */,
				BCF8F824216E92840095DF62 /* Main.storyboard in Resources */,
			);
			runOnlyForDeploymentPostprocessing = 0;
		};
/* End PBXResourcesBuildPhase section */

/* Begin PBXShellScriptBuildPhase section */
		88AAE4FB1130ADB92D6058D4 /* [CP] Check Pods Manifest.lock */ = {
			isa = PBXShellScriptBuildPhase;
			buildActionMask = 2147483647;
			files = (
			);
			inputPaths = (
				"${PODS_PODFILE_DIR_PATH}/Podfile.lock",
				"${PODS_ROOT}/Manifest.lock",
			);
			name = "[CP] Check Pods Manifest.lock";
			outputPaths = (
				"$(DERIVED_FILE_DIR)/Pods-GettingStartedRxSwift-checkManifestLockResult.txt",
			);
			runOnlyForDeploymentPostprocessing = 0;
			shellPath = /bin/sh;
			shellScript = "diff \"${PODS_PODFILE_DIR_PATH}/Podfile.lock\" \"${PODS_ROOT}/Manifest.lock\" > /dev/null\nif [ $? != 0 ] ; then\n    # print error to STDERR\n    echo \"error: The sandbox is not in sync with the Podfile.lock. Run 'pod install' or update your CocoaPods installation.\" >&2\n    exit 1\nfi\n# This output is used by Xcode 'outputs' to avoid re-running this script phase.\necho \"SUCCESS\" > \"${SCRIPT_OUTPUT_FILE_0}\"\n";
			showEnvVarsInLog = 0;
		};
		F16881CF7E2F6E96C7674004 /* [CP] Embed Pods Frameworks */ = {
			isa = PBXShellScriptBuildPhase;
			buildActionMask = 2147483647;
			files = (
			);
			inputPaths = (
				"${SRCROOT}/Pods/Target Support Files/Pods-GettingStartedRxSwift/Pods-GettingStartedRxSwift-frameworks.sh",
				"${BUILT_PRODUCTS_DIR}/RxSwift/RxSwift.framework",
			);
			name = "[CP] Embed Pods Frameworks";
			outputPaths = (
				"${TARGET_BUILD_DIR}/${FRAMEWORKS_FOLDER_PATH}/RxSwift.framework",
			);
			runOnlyForDeploymentPostprocessing = 0;
			shellPath = /bin/sh;
			shellScript = "\"${SRCROOT}/Pods/Target Support Files/Pods-GettingStartedRxSwift/Pods-GettingStartedRxSwift-frameworks.sh\"\n";
			showEnvVarsInLog = 0;
		};
/* End PBXShellScriptBuildPhase section */

/* Begin PBXSourcesBuildPhase section */
		BCF8F817216E92840095DF62 /* Sources */ = {
			isa = PBXSourcesBuildPhase;
			buildActionMask = 2147483647;
			files = (
				BCF8F821216E92840095DF62 /* ViewController.swift in Sources */,
				BCF8F81F216E92840095DF62 /* AppDelegate.swift in Sources */,
			);
			runOnlyForDeploymentPostprocessing = 0;
		};
/* End PBXSourcesBuildPhase section */

/* Begin PBXVariantGroup section */
		BCF8F822216E92840095DF62 /* Main.storyboard */ = {
			isa = PBXVariantGroup;
			children = (
				BCF8F823216E92840095DF62 /* Base */,
			);
			name = Main.storyboard;
			sourceTree = "<group>";
		};
		BCF8F827216E92870095DF62 /* LaunchScreen.storyboard */ = {
			isa = PBXVariantGroup;
			children = (
				BCF8F828216E92870095DF62 /* Base */,
			);
			name = LaunchScreen.storyboard;
			sourceTree = "<group>";
		};
/* End PBXVariantGroup section */

/* Begin XCBuildConfiguration section */
		BCF8F82B216E92870095DF62 /* Debug */ = {
			isa = XCBuildConfiguration;
			buildSettings = {
				ALWAYS_SEARCH_USER_PATHS = NO;
				CLANG_ANALYZER_NONNULL = YES;
				CLANG_ANALYZER_NUMBER_OBJECT_CONVERSION = YES_AGGRESSIVE;
				CLANG_CXX_LANGUAGE_STANDARD = "gnu++14";
				CLANG_CXX_LIBRARY = "libc++";
				CLANG_ENABLE_MODULES = YES;
				CLANG_ENABLE_OBJC_ARC = YES;
				CLANG_ENABLE_OBJC_WEAK = YES;
				CLANG_WARN_BLOCK_CAPTURE_AUTORELEASING = YES;
				CLANG_WARN_BOOL_CONVERSION = YES;
				CLANG_WARN_COMMA = YES;
				CLANG_WARN_CONSTANT_CONVERSION = YES;
				CLANG_WARN_DEPRECATED_OBJC_IMPLEMENTATIONS = YES;
				CLANG_WARN_DIRECT_OBJC_ISA_USAGE = YES_ERROR;
				CLANG_WARN_DOCUMENTATION_COMMENTS = YES;
				CLANG_WARN_EMPTY_BODY = YES;
				CLANG_WARN_ENUM_CONVERSION = YES;
				CLANG_WARN_INFINITE_RECURSION = YES;
				CLANG_WARN_INT_CONVERSION = YES;
				CLANG_WARN_NON_LITERAL_NULL_CONVERSION = YES;
				CLANG_WARN_OBJC_IMPLICIT_RETAIN_SELF = YES;
				CLANG_WARN_OBJC_LITERAL_CONVERSION = YES;
				CLANG_WARN_OBJC_ROOT_CLASS = YES_ERROR;
				CLANG_WARN_RANGE_LOOP_ANALYSIS = YES;
				CLANG_WARN_STRICT_PROTOTYPES = YES;
				CLANG_WARN_SUSPICIOUS_MOVE = YES;
				CLANG_WARN_UNGUARDED_AVAILABILITY = YES_AGGRESSIVE;
				CLANG_WARN_UNREACHABLE_CODE = YES;
				CLANG_WARN__DUPLICATE_METHOD_MATCH = YES;
				CODE_SIGN_IDENTITY = "iPhone Developer";
				COPY_PHASE_STRIP = NO;
				DEBUG_INFORMATION_FORMAT = dwarf;
				ENABLE_STRICT_OBJC_MSGSEND = YES;
				ENABLE_TESTABILITY = YES;
				GCC_C_LANGUAGE_STANDARD = gnu11;
				GCC_DYNAMIC_NO_PIC = NO;
				GCC_NO_COMMON_BLOCKS = YES;
				GCC_OPTIMIZATION_LEVEL = 0;
				GCC_PREPROCESSOR_DEFINITIONS = (
					"DEBUG=1",
					"$(inherited)",
				);
				GCC_WARN_64_TO_32_BIT_CONVERSION = YES;
				GCC_WARN_ABOUT_RETURN_TYPE = YES_ERROR;
				GCC_WARN_UNDECLARED_SELECTOR = YES;
				GCC_WARN_UNINITIALIZED_AUTOS = YES_AGGRESSIVE;
				GCC_WARN_UNUSED_FUNCTION = YES;
				GCC_WARN_UNUSED_VARIABLE = YES;
				IPHONEOS_DEPLOYMENT_TARGET = 12.0;
				MTL_ENABLE_DEBUG_INFO = INCLUDE_SOURCE;
				MTL_FAST_MATH = YES;
				ONLY_ACTIVE_ARCH = YES;
				SDKROOT = iphoneos;
				SWIFT_ACTIVE_COMPILATION_CONDITIONS = DEBUG;
				SWIFT_OPTIMIZATION_LEVEL = "-Onone";
			};
			name = Debug;
		};
		BCF8F82C216E92870095DF62 /* Release */ = {
			isa = XCBuildConfiguration;
			buildSettings = {
				ALWAYS_SEARCH_USER_PATHS = NO;
				CLANG_ANALYZER_NONNULL = YES;
				CLANG_ANALYZER_NUMBER_OBJECT_CONVERSION = YES_AGGRESSIVE;
				CLANG_CXX_LANGUAGE_STANDARD = "gnu++14";
				CLANG_CXX_LIBRARY = "libc++";
				CLANG_ENABLE_MODULES = YES;
				CLANG_ENABLE_OBJC_ARC = YES;
				CLANG_ENABLE_OBJC_WEAK = YES;
				CLANG_WARN_BLOCK_CAPTURE_AUTORELEASING = YES;
				CLANG_WARN_BOOL_CONVERSION = YES;
				CLANG_WARN_COMMA = YES;
				CLANG_WARN_CONSTANT_CONVERSION = YES;
				CLANG_WARN_DEPRECATED_OBJC_IMPLEMENTATIONS = YES;
				CLANG_WARN_DIRECT_OBJC_ISA_USAGE = YES_ERROR;
				CLANG_WARN_DOCUMENTATION_COMMENTS = YES;
				CLANG_WARN_EMPTY_BODY = YES;
				CLANG_WARN_ENUM_CONVERSION = YES;
				CLANG_WARN_INFINITE_RECURSION = YES;
				CLANG_WARN_INT_CONVERSION = YES;
				CLANG_WARN_NON_LITERAL_NULL_CONVERSION = YES;
				CLANG_WARN_OBJC_IMPLICIT_RETAIN_SELF = YES;
				CLANG_WARN_OBJC_LITERAL_CONVERSION = YES;
				CLANG_WARN_OBJC_ROOT_CLASS = YES_ERROR;
				CLANG_WARN_RANGE_LOOP_ANALYSIS = YES;
				CLANG_WARN_STRICT_PROTOTYPES = YES;
				CLANG_WARN_SUSPICIOUS_MOVE = YES;
				CLANG_WARN_UNGUARDED_AVAILABILITY = YES_AGGRESSIVE;
				CLANG_WARN_UNREACHABLE_CODE = YES;
				CLANG_WARN__DUPLICATE_METHOD_MATCH = YES;
				CODE_SIGN_IDENTITY = "iPhone Developer";
				COPY_PHASE_STRIP = NO;
				DEBUG_INFORMATION_FORMAT = "dwarf-with-dsym";
				ENABLE_NS_ASSERTIONS = NO;
				ENABLE_STRICT_OBJC_MSGSEND = YES;
				GCC_C_LANGUAGE_STANDARD = gnu11;
				GCC_NO_COMMON_BLOCKS = YES;
				GCC_WARN_64_TO_32_BIT_CONVERSION = YES;
				GCC_WARN_ABOUT_RETURN_TYPE = YES_ERROR;
				GCC_WARN_UNDECLARED_SELECTOR = YES;
				GCC_WARN_UNINITIALIZED_AUTOS = YES_AGGRESSIVE;
				GCC_WARN_UNUSED_FUNCTION = YES;
				GCC_WARN_UNUSED_VARIABLE = YES;
				IPHONEOS_DEPLOYMENT_TARGET = 12.0;
				MTL_ENABLE_DEBUG_INFO = NO;
				MTL_FAST_MATH = YES;
				SDKROOT = iphoneos;
				SWIFT_COMPILATION_MODE = wholemodule;
				SWIFT_OPTIMIZATION_LEVEL = "-O";
				VALIDATE_PRODUCT = YES;
			};
			name = Release;
		};
		BCF8F82E216E92870095DF62 /* Debug */ = {
			isa = XCBuildConfiguration;
			baseConfigurationReference = 77B2D735B3262D09FE120D39 /* Pods-GettingStartedRxSwift.debug.xcconfig */;
			buildSettings = {
				ASSETCATALOG_COMPILER_APPICON_NAME = AppIcon;
				CODE_SIGN_STYLE = Automatic;
				INFOPLIST_FILE = GettingStartedRxSwift/Info.plist;
				LD_RUNPATH_SEARCH_PATHS = (
					"$(inherited)",
					"@executable_path/Frameworks",
				);
				PRODUCT_BUNDLE_IDENTIFIER = com.KarimEbrahem.GettingStartedRxSwift;
				PRODUCT_NAME = "$(TARGET_NAME)";
				SWIFT_VERSION = 4.2;
				TARGETED_DEVICE_FAMILY = "1,2";
			};
			name = Debug;
		};
		BCF8F82F216E92870095DF62 /* Release */ = {
			isa = XCBuildConfiguration;
			baseConfigurationReference = A62148E62F60193BF22987C0 /* Pods-GettingStartedRxSwift.release.xcconfig */;
			buildSettings = {
				ASSETCATALOG_COMPILER_APPICON_NAME = AppIcon;
				CODE_SIGN_STYLE = Automatic;
				INFOPLIST_FILE = GettingStartedRxSwift/Info.plist;
				LD_RUNPATH_SEARCH_PATHS = (
					"$(inherited)",
					"@executable_path/Frameworks",
				);
				PRODUCT_BUNDLE_IDENTIFIER = com.KarimEbrahem.GettingStartedRxSwift;
				PRODUCT_NAME = "$(TARGET_NAME)";
				SWIFT_VERSION = 4.2;
				TARGETED_DEVICE_FAMILY = "1,2";
			};
			name = Release;
		};
/* End XCBuildConfiguration section */

/* Begin XCConfigurationList section */
		BCF8F816216E92840095DF62 /* Build configuration list for PBXProject "GettingStartedRxSwift" */ = {
			isa = XCConfigurationList;
			buildConfigurations = (
				BCF8F82B216E92870095DF62 /* Debug */,
				BCF8F82C216E92870095DF62 /* Release */,
			);
			defaultConfigurationIsVisible = 0;
			defaultConfigurationName = Release;
		};
		BCF8F82D216E92870095DF62 /* Build configuration list for PBXNativeTarget "GettingStartedRxSwift" */ = {
			isa = XCConfigurationList;
			buildConfigurations = (
				BCF8F82E216E92870095DF62 /* Debug */,
				BCF8F82F216E92870095DF62 /* Release */,
			);
			defaultConfigurationIsVisible = 0;
			defaultConfigurationName = Release;
		};
/* End XCConfigurationList section */
	};
	rootObject = BCF8F813216E92840095DF62 /* Project object */;
}
